
Microsoft Visual Studio Solution File, Format Version 12.00
# Visual Studio Version 16
VisualStudioVersion = 16.0.29001.49
MinimumVisualStudioVersion = 10.0.40219.1
Project("{9A19103F-16F7-4668-BE54-9A1E7A4F7556}") = "TestCore", "TestCore\TestCore.csproj", "{841A92EE-F52A-417C-ACCB-18CA7791EFFA}"
EndProject
Project("{FAE04EC0-301F-11D3-BF4B-00C04F79EFBC}") = "TestMiddleware", "TestMiddleware\TestMiddleware.csproj", "{A37A8368-BF22-4349-8A4A-B2AE709A3164}"
EndProject
Global
	GlobalSection(SolutionConfigurationPlatforms) = preSolution
		Debug|Any CPU = Debug|Any CPU
		Release|Any CPU = Release|Any CPU
	EndGlobalSection
	GlobalSection(ProjectConfigurationPlatforms) = postSolution
		{841A92EE-F52A-417C-ACCB-18CA7791EFFA}.Debug|Any CPU.ActiveCfg = Debug|Any CPU
		{841A92EE-F52A-417C-ACCB-18CA7791EFFA}.Debug|Any CPU.Build.0 = Debug|Any CPU
		{841A92EE-F52A-417C-ACCB-18CA7791EFFA}.Release|Any CPU.ActiveCfg = Release|Any CPU
		{841A92EE-F52A-417C-ACCB-18CA7791EFFA}.Release|Any CPU.Build.0 = Release|Any CPU
		{A37A8368-BF22-4349-8A4A-B2AE709A3164}.Debug|Any CPU.ActiveCfg = Debug|Any CPU
		{A37A8368-BF22-4349-8A4A-B2AE709A3164}.Debug|Any CPU.Build.0 = Debug|Any CPU
		{A37A8368-BF22-4349-8A4A-B2AE709A3164}.Release|Any CPU.ActiveCfg = Release|Any CPU
		{A37A8368-BF22-4349-8A4A-B2AE709A3164}.Release|Any CPU.Build.0 = Release|Any CPU
	EndGlobalSection
	GlobalSection(SolutionProperties) = preSolution
		HideSolutionNode = FALSE
	EndGlobalSection
	GlobalSection(ExtensibilityGlobals) = postSolution
		SolutionGuid = {2E9C9184-FDC1-40FD-A225-EFB1C367350A}
	EndGlobalSection
EndGlobal
